
Microsoft Visual Studio Solution File, Format Version 12.00
# Visual Studio 15
VisualStudioVersion = 15.0.28307.1000
MinimumVisualStudioVersion = 10.0.40219.1
Project("{FAE04EC0-301F-11D3-BF4B-00C04F79EFBC}") = "CommissionCalculator", "CommissionCalculator\CommissionCalculator.csproj", "{67D239EB-EE2E-4128-8A97-27C30CAB8D80}"
EndProject
Global
	GlobalSection(SolutionConfigurationPlatforms) = preSolution
		Debug|Any CPU = Debug|Any CPU
		Release|Any CPU = Release|Any CPU
	EndGlobalSection
	GlobalSection(ProjectConfigurationPlatforms) = postSolution
		{67D239EB-EE2E-4128-8A97-27C30CAB8D80}.Debug|Any CPU.ActiveCfg = Debug|Any CPU
		{67D239EB-EE2E-4128-8A97-27C30CAB8D80}.Debug|Any CPU.Build.0 = Debug|Any CPU
		{67D239EB-EE2E-4128-8A97-27C30CAB8D80}.Release|Any CPU.ActiveCfg = Release|Any CPU
		{67D239EB-EE2E-4128-8A97-27C30CAB8D80}.Release|Any CPU.Build.0 = Release|Any CPU
	EndGlobalSection
	GlobalSection(SolutionProperties) = preSolution
		HideSolutionNode = FALSE
	EndGlobalSection
	GlobalSection(ExtensibilityGlobals) = postSolution
		SolutionGuid = {EB4D2FAD-367A-419E-89BD-FBF639261464}
	EndGlobalSection
EndGlobal
